
Microsoft Visual Studio Solution File, Format Version 12.00
# Visual Studio Version 17
VisualStudioVersion = 17.9.34728.123
MinimumVisualStudioVersion = 10.0.40219.1
Project("{2150E333-8FDC-42A3-9474-1A3956D46DE8}") = "Src", "Src", "{32D37F69-A977-4BF7-813F-11C2C20D1DF9}"
EndProject
Project("{2150E333-8FDC-42A3-9474-1A3956D46DE8}") = "Tests", "Tests", "{F754D4AB-ABCA-42A7-92C5-D8B47D852DB9}"
EndProject
Project("{9A19103F-16F7-4668-BE54-9A1E7A4F7556}") = "LyCilph.AwesomeToDo.Core", "LyCilph.AwesomeToDo.Core\LyCilph.AwesomeToDo.Core.csproj", "{63DD05B4-FC29-4DB0-BFE6-5121DF4E07FD}"
EndProject
Project("{9A19103F-16F7-4668-BE54-9A1E7A4F7556}") = "LyCilph.AwesomeToDo.Web", "LyCilph.AwesomeToDo.Web\LyCilph.AwesomeToDo.Web.csproj", "{1C708B60-AA20-4A13-B4D9-654CBFC68E39}"
EndProject
Project("{9A19103F-16F7-4668-BE54-9A1E7A4F7556}") = "LyCilph.AwesomeToDo.UseCases", "LyCilph.AwesomeToDo.UseCases\LyCilph.AwesomeToDo.UseCases.csproj", "{3990A4D0-B17A-4621-B3E0-3B6B6D308574}"
EndProject
Project("{9A19103F-16F7-4668-BE54-9A1E7A4F7556}") = "LyCilph.AwesomeToDo.Infrastructure", "LyCilph.AwesomeToDo.Infrastructure\LyCilph.AwesomeToDo.Infrastructure.csproj", "{1B6B6324-FE0C-46D5-A570-A3B81E00341F}"
EndProject
Global
	GlobalSection(SolutionConfigurationPlatforms) = preSolution
		Debug|Any CPU = Debug|Any CPU
		Release|Any CPU = Release|Any CPU
	EndGlobalSection
	GlobalSection(ProjectConfigurationPlatforms) = postSolution
		{63DD05B4-FC29-4DB0-BFE6-5121DF4E07FD}.Debug|Any CPU.ActiveCfg = Debug|Any CPU
		{63DD05B4-FC29-4DB0-BFE6-5121DF4E07FD}.Debug|Any CPU.Build.0 = Debug|Any CPU
		{63DD05B4-FC29-4DB0-BFE6-5121DF4E07FD}.Release|Any CPU.ActiveCfg = Release|Any CPU
		{63DD05B4-FC29-4DB0-BFE6-5121DF4E07FD}.Release|Any CPU.Build.0 = Release|Any CPU
		{1C708B60-AA20-4A13-B4D9-654CBFC68E39}.Debug|Any CPU.ActiveCfg = Debug|Any CPU
		{1C708B60-AA20-4A13-B4D9-654CBFC68E39}.Debug|Any CPU.Build.0 = Debug|Any CPU
		{1C708B60-AA20-4A13-B4D9-654CBFC68E39}.Release|Any CPU.ActiveCfg = Release|Any CPU
		{1C708B60-AA20-4A13-B4D9-654CBFC68E39}.Release|Any CPU.Build.0 = Release|Any CPU
		{3990A4D0-B17A-4621-B3E0-3B6B6D308574}.Debug|Any CPU.ActiveCfg = Debug|Any CPU
		{3990A4D0-B17A-4621-B3E0-3B6B6D308574}.Debug|Any CPU.Build.0 = Debug|Any CPU
		{3990A4D0-B17A-4621-B3E0-3B6B6D308574}.Release|Any CPU.ActiveCfg = Release|Any CPU
		{3990A4D0-B17A-4621-B3E0-3B6B6D308574}.Release|Any CPU.Build.0 = Release|Any CPU
		{1B6B6324-FE0C-46D5-A570-A3B81E00341F}.Debug|Any CPU.ActiveCfg = Debug|Any CPU
		{1B6B6324-FE0C-46D5-A570-A3B81E00341F}.Debug|Any CPU.Build.0 = Debug|Any CPU
		{1B6B6324-FE0C-46D5-A570-A3B81E00341F}.Release|Any CPU.ActiveCfg = Release|Any CPU
		{1B6B6324-FE0C-46D5-A570-A3B81E00341F}.Release|Any CPU.Build.0 = Release|Any CPU
	EndGlobalSection
	GlobalSection(SolutionProperties) = preSolution
		HideSolutionNode = FALSE
	EndGlobalSection
	GlobalSection(NestedProjects) = preSolution
		{63DD05B4-FC29-4DB0-BFE6-5121DF4E07FD} = {32D37F69-A977-4BF7-813F-11C2C20D1DF9}
		{1C708B60-AA20-4A13-B4D9-654CBFC68E39} = {32D37F69-A977-4BF7-813F-11C2C20D1DF9}
		{3990A4D0-B17A-4621-B3E0-3B6B6D308574} = {32D37F69-A977-4BF7-813F-11C2C20D1DF9}
		{1B6B6324-FE0C-46D5-A570-A3B81E00341F} = {32D37F69-A977-4BF7-813F-11C2C20D1DF9}
	EndGlobalSection
	GlobalSection(ExtensibilityGlobals) = postSolution
		SolutionGuid = {4774CCD6-48A0-470B-82ED-CE0C1C92D7AF}
	EndGlobalSection
EndGlobal
