
Microsoft Visual Studio Solution File, Format Version 12.00
# Visual Studio Version 17
VisualStudioVersion = 17.9.34728.123
MinimumVisualStudioVersion = 10.0.40219.1
Project("{2150E333-8FDC-42A3-9474-1A3956D46DE8}") = "Src", "Src", "{32D37F69-A977-4BF7-813F-11C2C20D1DF9}"
EndProject
Project("{2150E333-8FDC-42A3-9474-1A3956D46DE8}") = "Tests", "Tests", "{F754D4AB-ABCA-42A7-92C5-D8B47D852DB9}"
EndProject
Project("{9A19103F-16F7-4668-BE54-9A1E7A4F7556}") = "LyCilph.AwesomeToDo.Core", "LyCilph.AwesomeToDo.Core\LyCilph.AwesomeToDo.Core.csproj", "{63DD05B4-FC29-4DB0-BFE6-5121DF4E07FD}"
EndProject
Project("{9A19103F-16F7-4668-BE54-9A1E7A4F7556}") = "LyCilph.AwesomeToDo.UnitTests", "LyCilph.AwesomeToDo.UnitTests\LyCilph.AwesomeToDo.UnitTests.csproj", "{C9F378B9-D197-40B9-B030-4AE4A013F749}"
EndProject
Project("{FAE04EC0-301F-11D3-BF4B-00C04F79EFBC}") = "LyCilph.AwesomeToDo.Infrastructure", "LyCilph.AwesomeToDo.Infrastructure\LyCilph.AwesomeToDo.Infrastructure.csproj", "{F69B2250-9FDD-4D0D-A4D1-24F63B5D6A96}"
EndProject
Project("{FAE04EC0-301F-11D3-BF4B-00C04F79EFBC}") = "LyCilph.AwesomeToDo.Web", "LyCilph.AwesomeToDo.Web\LyCilph.AwesomeToDo.Web.csproj", "{9CA7294D-E378-46B5-B01B-AC3204087A82}"
EndProject
Global
	GlobalSection(SolutionConfigurationPlatforms) = preSolution
		Debug|Any CPU = Debug|Any CPU
		Release|Any CPU = Release|Any CPU
	EndGlobalSection
	GlobalSection(ProjectConfigurationPlatforms) = postSolution
		{63DD05B4-FC29-4DB0-BFE6-5121DF4E07FD}.Debug|Any CPU.ActiveCfg = Debug|Any CPU
		{63DD05B4-FC29-4DB0-BFE6-5121DF4E07FD}.Debug|Any CPU.Build.0 = Debug|Any CPU
		{63DD05B4-FC29-4DB0-BFE6-5121DF4E07FD}.Release|Any CPU.ActiveCfg = Release|Any CPU
		{63DD05B4-FC29-4DB0-BFE6-5121DF4E07FD}.Release|Any CPU.Build.0 = Release|Any CPU
		{C9F378B9-D197-40B9-B030-4AE4A013F749}.Debug|Any CPU.ActiveCfg = Debug|Any CPU
		{C9F378B9-D197-40B9-B030-4AE4A013F749}.Debug|Any CPU.Build.0 = Debug|Any CPU
		{C9F378B9-D197-40B9-B030-4AE4A013F749}.Release|Any CPU.ActiveCfg = Release|Any CPU
		{C9F378B9-D197-40B9-B030-4AE4A013F749}.Release|Any CPU.Build.0 = Release|Any CPU
		{F69B2250-9FDD-4D0D-A4D1-24F63B5D6A96}.Debug|Any CPU.ActiveCfg = Debug|Any CPU
		{F69B2250-9FDD-4D0D-A4D1-24F63B5D6A96}.Debug|Any CPU.Build.0 = Debug|Any CPU
		{F69B2250-9FDD-4D0D-A4D1-24F63B5D6A96}.Release|Any CPU.ActiveCfg = Release|Any CPU
		{F69B2250-9FDD-4D0D-A4D1-24F63B5D6A96}.Release|Any CPU.Build.0 = Release|Any CPU
		{9CA7294D-E378-46B5-B01B-AC3204087A82}.Debug|Any CPU.ActiveCfg = Debug|Any CPU
		{9CA7294D-E378-46B5-B01B-AC3204087A82}.Debug|Any CPU.Build.0 = Debug|Any CPU
		{9CA7294D-E378-46B5-B01B-AC3204087A82}.Release|Any CPU.ActiveCfg = Release|Any CPU
		{9CA7294D-E378-46B5-B01B-AC3204087A82}.Release|Any CPU.Build.0 = Release|Any CPU
	EndGlobalSection
	GlobalSection(SolutionProperties) = preSolution
		HideSolutionNode = FALSE
	EndGlobalSection
	GlobalSection(NestedProjects) = preSolution
		{63DD05B4-FC29-4DB0-BFE6-5121DF4E07FD} = {32D37F69-A977-4BF7-813F-11C2C20D1DF9}
		{C9F378B9-D197-40B9-B030-4AE4A013F749} = {F754D4AB-ABCA-42A7-92C5-D8B47D852DB9}
		{F69B2250-9FDD-4D0D-A4D1-24F63B5D6A96} = {32D37F69-A977-4BF7-813F-11C2C20D1DF9}
		{9CA7294D-E378-46B5-B01B-AC3204087A82} = {32D37F69-A977-4BF7-813F-11C2C20D1DF9}
	EndGlobalSection
	GlobalSection(ExtensibilityGlobals) = postSolution
		SolutionGuid = {4774CCD6-48A0-470B-82ED-CE0C1C92D7AF}
	EndGlobalSection
EndGlobal
